
Microsoft Visual Studio Solution File, Format Version 12.00
# Visual Studio Version 17
VisualStudioVersion = 17.4.33103.184
MinimumVisualStudioVersion = 10.0.40219.1
Project("{FAE04EC0-301F-11D3-BF4B-00C04F79EFBC}") = "Pamoka2", "Pamoka2\Pamoka2.csproj", "{6E313BAA-DCAE-4FA8-BF9F-9BCF947946CF}"
EndProject
Global
	GlobalSection(SolutionConfigurationPlatforms) = preSolution
		Debug|Any CPU = Debug|Any CPU
		Release|Any CPU = Release|Any CPU
	EndGlobalSection
	GlobalSection(ProjectConfigurationPlatforms) = postSolution
		{6E313BAA-DCAE-4FA8-BF9F-9BCF947946CF}.Debug|Any CPU.ActiveCfg = Debug|Any CPU
		{6E313BAA-DCAE-4FA8-BF9F-9BCF947946CF}.Debug|Any CPU.Build.0 = Debug|Any CPU
		{6E313BAA-DCAE-4FA8-BF9F-9BCF947946CF}.Release|Any CPU.ActiveCfg = Release|Any CPU
		{6E313BAA-DCAE-4FA8-BF9F-9BCF947946CF}.Release|Any CPU.Build.0 = Release|Any CPU
	EndGlobalSection
	GlobalSection(SolutionProperties) = preSolution
		HideSolutionNode = FALSE
	EndGlobalSection
	GlobalSection(ExtensibilityGlobals) = postSolution
		SolutionGuid = {5C7C33C8-F4B0-476C-A83E-A03331822326}
	EndGlobalSection
EndGlobal
