
Microsoft Visual Studio Solution File, Format Version 12.00
# Visual Studio Version 17
VisualStudioVersion = 17.4.33103.184
MinimumVisualStudioVersion = 10.0.40219.1
Project("{FAE04EC0-301F-11D3-BF4B-00C04F79EFBC}") = "Testas", "Testas\Testas.csproj", "{1C1F609F-0FC3-4928-9455-A2764B8F6183}"
EndProject
Global
	GlobalSection(SolutionConfigurationPlatforms) = preSolution
		Debug|Any CPU = Debug|Any CPU
		Release|Any CPU = Release|Any CPU
	EndGlobalSection
	GlobalSection(ProjectConfigurationPlatforms) = postSolution
		{1C1F609F-0FC3-4928-9455-A2764B8F6183}.Debug|Any CPU.ActiveCfg = Debug|Any CPU
		{1C1F609F-0FC3-4928-9455-A2764B8F6183}.Debug|Any CPU.Build.0 = Debug|Any CPU
		{1C1F609F-0FC3-4928-9455-A2764B8F6183}.Release|Any CPU.ActiveCfg = Release|Any CPU
		{1C1F609F-0FC3-4928-9455-A2764B8F6183}.Release|Any CPU.Build.0 = Release|Any CPU
	EndGlobalSection
	GlobalSection(SolutionProperties) = preSolution
		HideSolutionNode = FALSE
	EndGlobalSection
	GlobalSection(ExtensibilityGlobals) = postSolution
		SolutionGuid = {735F7FB2-3244-4A62-AB12-D6A9320C9514}
	EndGlobalSection
EndGlobal
